
Microsoft Visual Studio Solution File, Format Version 12.00
# Visual Studio Version 17
VisualStudioVersion = 17.6.33815.320
MinimumVisualStudioVersion = 10.0.40219.1
Project("{FAE04EC0-301F-11D3-BF4B-00C04F79EFBC}") = "Uniq.WebUI", "Uniq.WebUI\Uniq.WebUI.csproj", "{AC10C391-BBA7-4865-ADFD-B4B7B0E60A8D}"
EndProject
Project("{FAE04EC0-301F-11D3-BF4B-00C04F79EFBC}") = "Uniq.BL", "Uniq.BL\Uniq.BL.csproj", "{45119962-D70B-4B46-B6ED-0EA49053DE16}"
EndProject
Project("{FAE04EC0-301F-11D3-BF4B-00C04F79EFBC}") = "Uniq.DAL", "Uniq.DAL\Uniq.DAL.csproj", "{C687F14B-83C8-4520-9280-F6201348C263}"
EndProject
Global
	GlobalSection(SolutionConfigurationPlatforms) = preSolution
		Debug|Any CPU = Debug|Any CPU
		Release|Any CPU = Release|Any CPU
	EndGlobalSection
	GlobalSection(ProjectConfigurationPlatforms) = postSolution
		{AC10C391-BBA7-4865-ADFD-B4B7B0E60A8D}.Debug|Any CPU.ActiveCfg = Debug|Any CPU
		{AC10C391-BBA7-4865-ADFD-B4B7B0E60A8D}.Debug|Any CPU.Build.0 = Debug|Any CPU
		{AC10C391-BBA7-4865-ADFD-B4B7B0E60A8D}.Release|Any CPU.ActiveCfg = Release|Any CPU
		{AC10C391-BBA7-4865-ADFD-B4B7B0E60A8D}.Release|Any CPU.Build.0 = Release|Any CPU
		{45119962-D70B-4B46-B6ED-0EA49053DE16}.Debug|Any CPU.ActiveCfg = Debug|Any CPU
		{45119962-D70B-4B46-B6ED-0EA49053DE16}.Debug|Any CPU.Build.0 = Debug|Any CPU
		{45119962-D70B-4B46-B6ED-0EA49053DE16}.Release|Any CPU.ActiveCfg = Release|Any CPU
		{45119962-D70B-4B46-B6ED-0EA49053DE16}.Release|Any CPU.Build.0 = Release|Any CPU
		{C687F14B-83C8-4520-9280-F6201348C263}.Debug|Any CPU.ActiveCfg = Debug|Any CPU
		{C687F14B-83C8-4520-9280-F6201348C263}.Debug|Any CPU.Build.0 = Debug|Any CPU
		{C687F14B-83C8-4520-9280-F6201348C263}.Release|Any CPU.ActiveCfg = Release|Any CPU
		{C687F14B-83C8-4520-9280-F6201348C263}.Release|Any CPU.Build.0 = Release|Any CPU
	EndGlobalSection
	GlobalSection(SolutionProperties) = preSolution
		HideSolutionNode = FALSE
	EndGlobalSection
	GlobalSection(ExtensibilityGlobals) = postSolution
		SolutionGuid = {F9B3F00B-3F53-4B2A-91E0-998EAE83DBAE}
	EndGlobalSection
EndGlobal
